
Microsoft Visual Studio Solution File, Format Version 12.00
# Visual Studio Version 16
VisualStudioVersion = 16.0.30011.22
MinimumVisualStudioVersion = 10.0.40219.1
Project("{FAE04EC0-301F-11D3-BF4B-00C04F79EFBC}") = "AUE calcul", "AUE calcul\AUE calcul.csproj", "{38B40C43-3F8B-4D5C-BFB1-BFC1638571C2}"
EndProject
Global
	GlobalSection(SolutionConfigurationPlatforms) = preSolution
		Debug|Any CPU = Debug|Any CPU
		Release|Any CPU = Release|Any CPU
	EndGlobalSection
	GlobalSection(ProjectConfigurationPlatforms) = postSolution
		{38B40C43-3F8B-4D5C-BFB1-BFC1638571C2}.Debug|Any CPU.ActiveCfg = Debug|Any CPU
		{38B40C43-3F8B-4D5C-BFB1-BFC1638571C2}.Debug|Any CPU.Build.0 = Debug|Any CPU
		{38B40C43-3F8B-4D5C-BFB1-BFC1638571C2}.Release|Any CPU.ActiveCfg = Release|Any CPU
		{38B40C43-3F8B-4D5C-BFB1-BFC1638571C2}.Release|Any CPU.Build.0 = Release|Any CPU
	EndGlobalSection
	GlobalSection(SolutionProperties) = preSolution
		HideSolutionNode = FALSE
	EndGlobalSection
	GlobalSection(ExtensibilityGlobals) = postSolution
		SolutionGuid = {B1CDE48D-27BE-46C5-ABAF-161D613B5225}
	EndGlobalSection
EndGlobal
